
Microsoft Visual Studio Solution File, Format Version 12.00
# Visual Studio Version 16
VisualStudioVersion = 16.0.32002.261
MinimumVisualStudioVersion = 10.0.40219.1
Project("{8BC9CEB8-8B4A-11D0-8D11-00A0C91BC942}") = "GCD", "GCD\GCD.vcxproj", "{00A3E064-305E-44CC-B2DA-913063771468}"
EndProject
Project("{8BC9CEB8-8B4A-11D0-8D11-00A0C91BC942}") = "Eratosthenes'_sieve", "Eratosthenes'_sieve\Eratosthenes'_sieve.vcxproj", "{581AFA4A-4E51-4CBF-82AF-80A3B867119E}"
EndProject
Project("{8BC9CEB8-8B4A-11D0-8D11-00A0C91BC942}") = "Prime_Number", "Prime_Number\Prime_Number.vcxproj", "{A8AED8CF-EB5A-4D0D-8BEC-FBBD81375792}"
EndProject
Global
	GlobalSection(SolutionConfigurationPlatforms) = preSolution
		Debug|x64 = Debug|x64
		Debug|x86 = Debug|x86
		Release|x64 = Release|x64
		Release|x86 = Release|x86
	EndGlobalSection
	GlobalSection(ProjectConfigurationPlatforms) = postSolution
		{00A3E064-305E-44CC-B2DA-913063771468}.Debug|x64.ActiveCfg = Debug|x64
		{00A3E064-305E-44CC-B2DA-913063771468}.Debug|x64.Build.0 = Debug|x64
		{00A3E064-305E-44CC-B2DA-913063771468}.Debug|x86.ActiveCfg = Debug|Win32
		{00A3E064-305E-44CC-B2DA-913063771468}.Debug|x86.Build.0 = Debug|Win32
		{00A3E064-305E-44CC-B2DA-913063771468}.Release|x64.ActiveCfg = Release|x64
		{00A3E064-305E-44CC-B2DA-913063771468}.Release|x64.Build.0 = Release|x64
		{00A3E064-305E-44CC-B2DA-913063771468}.Release|x86.ActiveCfg = Release|Win32
		{00A3E064-305E-44CC-B2DA-913063771468}.Release|x86.Build.0 = Release|Win32
		{581AFA4A-4E51-4CBF-82AF-80A3B867119E}.Debug|x64.ActiveCfg = Debug|x64
		{581AFA4A-4E51-4CBF-82AF-80A3B867119E}.Debug|x64.Build.0 = Debug|x64
		{581AFA4A-4E51-4CBF-82AF-80A3B867119E}.Debug|x86.ActiveCfg = Debug|Win32
		{581AFA4A-4E51-4CBF-82AF-80A3B867119E}.Debug|x86.Build.0 = Debug|Win32
		{581AFA4A-4E51-4CBF-82AF-80A3B867119E}.Release|x64.ActiveCfg = Release|x64
		{581AFA4A-4E51-4CBF-82AF-80A3B867119E}.Release|x64.Build.0 = Release|x64
		{581AFA4A-4E51-4CBF-82AF-80A3B867119E}.Release|x86.ActiveCfg = Release|Win32
		{581AFA4A-4E51-4CBF-82AF-80A3B867119E}.Release|x86.Build.0 = Release|Win32
		{A8AED8CF-EB5A-4D0D-8BEC-FBBD81375792}.Debug|x64.ActiveCfg = Debug|x64
		{A8AED8CF-EB5A-4D0D-8BEC-FBBD81375792}.Debug|x64.Build.0 = Debug|x64
		{A8AED8CF-EB5A-4D0D-8BEC-FBBD81375792}.Debug|x86.ActiveCfg = Debug|Win32
		{A8AED8CF-EB5A-4D0D-8BEC-FBBD81375792}.Debug|x86.Build.0 = Debug|Win32
		{A8AED8CF-EB5A-4D0D-8BEC-FBBD81375792}.Release|x64.ActiveCfg = Release|x64
		{A8AED8CF-EB5A-4D0D-8BEC-FBBD81375792}.Release|x64.Build.0 = Release|x64
		{A8AED8CF-EB5A-4D0D-8BEC-FBBD81375792}.Release|x86.ActiveCfg = Release|Win32
		{A8AED8CF-EB5A-4D0D-8BEC-FBBD81375792}.Release|x86.Build.0 = Release|Win32
	EndGlobalSection
	GlobalSection(SolutionProperties) = preSolution
		HideSolutionNode = FALSE
	EndGlobalSection
	GlobalSection(ExtensibilityGlobals) = postSolution
		SolutionGuid = {624C6A01-97D9-4FEE-A04D-14FBC509A0F6}
	EndGlobalSection
EndGlobal
